// !$*UTF8*$!
{
	archiveVersion = 1;
	classes = {
	};
	objectVersion = 77;
	objects = {

/* Begin PBXContainerItemProxy section */
		AA26EC312F05699100422D9B /* PBXContainerItemProxy */ = {
			isa = PBXContainerItemProxy;
			containerPortal = AA26EC0D2F05698E00422D9B /* Project object */;
			proxyType = 1;
			remoteGlobalIDString = AA26EC142F05698E00422D9B;
			remoteInfo = "wallet-ios";
		};
		AA26EC3B2F05699100422D9B /* PBXContainerItemProxy */ = {
			isa = PBXContainerItemProxy;
			containerPortal = AA26EC0D2F05698E00422D9B /* Project object */;
			proxyType = 1;
			remoteGlobalIDString = AA26EC142F05698E00422D9B;
			remoteInfo = "wallet-ios";
		};
/* End PBXContainerItemProxy section */

/* Begin PBXFileReference section */
		AA26EC152F05698E00422D9B /* wallet-ios.app */ = {isa = PBXFileReference; explicitFileType = wrapper.application; includeInIndex = 0; path = "wallet-ios.app"; sourceTree = BUILT_PRODUCTS_DIR; };
		AA26EC302F05699100422D9B /* wallet-iosTests.xctest */ = {isa = PBXFileReference; explicitFileType = wrapper.cfbundle; includeInIndex = 0; path = "wallet-iosTests.xctest"; sourceTree = BUILT_PRODUCTS_DIR; };
		AA26EC3A2F05699100422D9B /* wallet-iosUITests.xctest */ = {isa = PBXFileReference; explicitFileType = wrapper.cfbundle; includeInIndex = 0; path = "wallet-iosUITests.xctest"; sourceTree = BUILT_PRODUCTS_DIR; };
/* End PBXFileReference section */

/* Begin PBXFileSystemSynchronizedBuildFileExceptionSet section */
		AA26EC422F05699100422D9B /* Exceptions for "wallet-ios" folder in "wallet-ios" target */ = {
			isa = PBXFileSystemSynchronizedBuildFileExceptionSet;
			membershipExceptions = (
				Info.plist,
			);
			target = AA26EC142F05698E00422D9B /* wallet-ios */;
		};
/* End PBXFileSystemSynchronizedBuildFileExceptionSet section */

/* Begin PBXFileSystemSynchronizedRootGroup section */
		AA26EC172F05698E00422D9B /* wallet-ios */ = {
			isa = PBXFileSystemSynchronizedRootGroup;
			exceptions = (
				AA26EC422F05699100422D9B /* Exceptions for "wallet-ios" folder in "wallet-ios" target */,
			);
			path = "wallet-ios";
			sourceTree = "<group>";
		};
		AA26EC332F05699100422D9B /* wallet-iosTests */ = {
			isa = PBXFileSystemSynchronizedRootGroup;
			path = "wallet-iosTests";
			sourceTree = "<group>";
		};
		AA26EC3D2F05699100422D9B /* wallet-iosUITests */ = {
			isa = PBXFileSystemSynchronizedRootGroup;
			path = "wallet-iosUITests";
			sourceTree = "<group>";
		};
/* End PBXFileSystemSynchronizedRootGroup section */

/* Begin PBXFrameworksBuildPhase section */
		AA26EC122F05698E00422D9B /* Frameworks */ = {
			isa = PBXFrameworksBuildPhase;
			buildActionMask = 2147483647;
			files = (
			);
			runOnlyForDeploymentPostprocessing = 0;
		};
		AA26EC2D2F05699100422D9B /* Frameworks */ = {
			isa = PBXFrameworksBuildPhase;
			buildActionMask = 2147483647;
			files = (
			);
			runOnlyForDeploymentPostprocessing = 0;
		};
		AA26EC372F05699100422D9B /* Frameworks */ = {
			isa = PBXFrameworksBuildPhase;
			buildActionMask = 2147483647;
			files = (
			);
			runOnlyForDeploymentPostprocessing = 0;
		};
/* End PBXFrameworksBuildPhase section */

/* Begin PBXGroup section */
		AA26EC0C2F05698E00422D9B = {
			isa = PBXGroup;
			children = (
				AA26EC172F05698E00422D9B /* wallet-ios */,
				AA26EC332F05699100422D9B /* wallet-iosTests */,
				AA26EC3D2F05699100422D9B /* wallet-iosUITests */,
				AA26EC162F05698E00422D9B /* Products */,
			);
			sourceTree = "<group>";
		};
		AA26EC162F05698E00422D9B /* Products */ = {
			isa = PBXGroup;
			children = (
				AA26EC152F05698E00422D9B /* wallet-ios.app */,
				AA26EC302F05699100422D9B /* wallet-iosTests.xctest */,
				AA26EC3A2F05699100422D9B /* wallet-iosUITests.xctest */,
			);
			name = Products;
			sourceTree = "<group>";
		};
/* End PBXGroup section */

/* Begin PBXNativeTarget section */
		AA26EC142F05698E00422D9B /* wallet-ios */ = {
			isa = PBXNativeTarget;
			buildConfigurationList = AA26EC432F05699100422D9B /* Build configuration list for PBXNativeTarget "wallet-ios" */;
			buildPhases = (
				AA26EC112F05698E00422D9B /* Sources */,
				AA26EC122F05698E00422D9B /* Frameworks */,
				AA26EC132F05698E00422D9B /* Resources */,
			);
			buildRules = (
			);
			dependencies = (
			);
			fileSystemSynchronizedGroups = (
				AA26EC172F05698E00422D9B /* wallet-ios */,
			);
			name = "wallet-ios";
			packageProductDependencies = (
			);
			productName = "wallet-ios";
			productReference = AA26EC152F05698E00422D9B /* wallet-ios.app */;
			productType = "com.apple.product-type.application";
		};
		AA26EC2F2F05699100422D9B /* wallet-iosTests */ = {
			isa = PBXNativeTarget;
			buildConfigurationList = AA26EC482F05699100422D9B /* Build configuration list for PBXNativeTarget "wallet-iosTests" */;
			buildPhases = (
				AA26EC2C2F05699100422D9B /* Sources */,
				AA26EC2D2F05699100422D9B /* Frameworks */,
				AA26EC2E2F05699100422D9B /* Resources */,
			);
			buildRules = (
			);
			dependencies = (
				AA26EC322F05699100422D9B /* PBXTargetDependency */,
			);
			fileSystemSynchronizedGroups = (
				AA26EC332F05699100422D9B /* wallet-iosTests */,
			);
			name = "wallet-iosTests";
			packageProductDependencies = (
			);
			productName = "wallet-iosTests";
			productReference = AA26EC302F05699100422D9B /* wallet-iosTests.xctest */;
			productType = "com.apple.product-type.bundle.unit-test";
		};
		AA26EC392F05699100422D9B /* wallet-iosUITests */ = {
			isa = PBXNativeTarget;
			buildConfigurationList = AA26EC4B2F05699100422D9B /* Build configuration list for PBXNativeTarget "wallet-iosUITests" */;
			buildPhases = (
				AA26EC362F05699100422D9B /* Sources */,
				AA26EC372F05699100422D9B /* Frameworks */,
				AA26EC382F05699100422D9B /* Resources */,
			);
			buildRules = (
			);
			dependencies = (
				AA26EC3C2F05699100422D9B /* PBXTargetDependency */,
			);
			fileSystemSynchronizedGroups = (
				AA26EC3D2F05699100422D9B /* wallet-iosUITests */,
			);
			name = "wallet-iosUITests";
			packageProductDependencies = (
			);
			productName = "wallet-iosUITests";
			productReference = AA26EC3A2F05699100422D9B /* wallet-iosUITests.xctest */;
			productType = "com.apple.product-type.bundle.ui-testing";
		};
/* End PBXNativeTarget section */

/* Begin PBXProject section */
		AA26EC0D2F05698E00422D9B /* Project object */ = {
			isa = PBXProject;
			attributes = {
				BuildIndependentTargetsInParallel = 1;
				LastUpgradeCheck = 1630;
				TargetAttributes = {
					AA26EC142F05698E00422D9B = {
						CreatedOnToolsVersion = 16.3;
					};
					AA26EC2F2F05699100422D9B = {
						CreatedOnToolsVersion = 16.3;
						TestTargetID = AA26EC142F05698E00422D9B;
					};
					AA26EC392F05699100422D9B = {
						CreatedOnToolsVersion = 16.3;
						TestTargetID = AA26EC142F05698E00422D9B;
					};
				};
			};
			buildConfigurationList = AA26EC102F05698E00422D9B /* Build configuration list for PBXProject "wallet-ios" */;
			developmentRegion = en;
			hasScannedForEncodings = 0;
			knownRegions = (
				en,
				Base,
			);
			mainGroup = AA26EC0C2F05698E00422D9B;
			minimizedProjectReferenceProxies = 1;
			preferredProjectObjectVersion = 77;
			productRefGroup = AA26EC162F05698E00422D9B /* Products */;
			projectDirPath = "";
			projectRoot = "";
			targets = (
				AA26EC142F05698E00422D9B /* wallet-ios */,
				AA26EC2F2F05699100422D9B /* wallet-iosTests */,
				AA26EC392F05699100422D9B /* wallet-iosUITests */,
			);
		};
/* End PBXProject section */

/* Begin PBXResourcesBuildPhase section */
		AA26EC132F05698E00422D9B /* Resources */ = {
			isa = PBXResourcesBuildPhase;
			buildActionMask = 2147483647;
			files = (
			);
			runOnlyForDeploymentPostprocessing = 0;
		};
		AA26EC2E2F05699100422D9B /* Resources */ = {
			isa = PBXResourcesBuildPhase;
			buildActionMask = 2147483647;
			files = (
			);
			runOnlyForDeploymentPostprocessing = 0;
		};
		AA26EC382F05699100422D9B /* Resources */ = {
			isa = PBXResourcesBuildPhase;
			buildActionMask = 2147483647;
			files = (
			);
			runOnlyForDeploymentPostprocessing = 0;
		};
/* End PBXResourcesBuildPhase section */

/* Begin PBXSourcesBuildPhase section */
		AA26EC112F05698E00422D9B /* Sources */ = {
			isa = PBXSourcesBuildPhase;
			buildActionMask = 2147483647;
			files = (
			);
			runOnlyForDeploymentPostprocessing = 0;
		};
		AA26EC2C2F05699100422D9B /* Sources */ = {
			isa = PBXSourcesBuildPhase;
			buildActionMask = 2147483647;
			files = (
			);
			runOnlyForDeploymentPostprocessing = 0;
		};
		AA26EC362F05699100422D9B /* Sources */ = {
			isa = PBXSourcesBuildPhase;
			buildActionMask = 2147483647;
			files = (
			);
			runOnlyForDeploymentPostprocessing = 0;
		};
/* End PBXSourcesBuildPhase section */

/* Begin PBXTargetDependency section */
		AA26EC322F05699100422D9B /* PBXTargetDependency */ = {
			isa = PBXTargetDependency;
			target = AA26EC142F05698E00422D9B /* wallet-ios */;
			targetProxy = AA26EC312F05699100422D9B /* PBXContainerItemProxy */;
		};
		AA26EC3C2F05699100422D9B /* PBXTargetDependency */ = {
			isa = PBXTargetDependency;
			target = AA26EC142F05698E00422D9B /* wallet-ios */;
			targetProxy = AA26EC3B2F05699100422D9B /* PBXContainerItemProxy */;
		};
/* End PBXTargetDependency section */

/* Begin XCBuildConfiguration section */
		AA26EC442F05699100422D9B /* Debug */ = {
			isa = XCBuildConfiguration;
			buildSettings = {
				ASSETCATALOG_COMPILER_APPICON_NAME = AppIcon;
				ASSETCATALOG_COMPILER_GLOBAL_ACCENT_COLOR_NAME = AccentColor;
				CODE_SIGN_STYLE = Automatic;
				CURRENT_PROJECT_VERSION = 1;
				DEVELOPMENT_TEAM = KL3B2624F3;
				GENERATE_INFOPLIST_FILE = YES;
				INFOPLIST_FILE = "wallet-ios/Info.plist";
				INFOPLIST_KEY_UIApplicationSupportsIndirectInputEvents = YES;
				INFOPLIST_KEY_UILaunchStoryboardName = LaunchScreen;
				INFOPLIST_KEY_UIMainStoryboardFile = Main;
				INFOPLIST_KEY_UISupportedInterfaceOrientations_iPad = "UIInterfaceOrientationPortrait UIInterfaceOrientationPortraitUpsideDown UIInterfaceOrientationLandscapeLeft UIInterfaceOrientationLandscapeRight";
				INFOPLIST_KEY_UISupportedInterfaceOrientations_iPhone = "UIInterfaceOrientationPortrait UIInterfaceOrientationLandscapeLeft UIInterfaceOrientationLandscapeRight";
				IPHONEOS_DEPLOYMENT_TARGET = 15.6;
				LD_RUNPATH_SEARCH_PATHS = (
					"$(inherited)",
					"@executable_path/Frameworks",
				);
				MARKETING_VERSION = 1.0;
				PRODUCT_BUNDLE_IDENTIFIER = "nj.wallet-ios";
				PRODUCT_NAME = "$(TARGET_NAME)";
				SWIFT_EMIT_LOC_STRINGS = YES;
				TARGETED_DEVICE_FAMILY = "1,2";
			};
			name = Debug;
		};
		AA26EC452F05699100422D9B /* Release */ = {
			isa = XCBuildConfiguration;
			buildSettings = {
				ASSETCATALOG_COMPILER_APPICON_NAME = AppIcon;
				ASSETCATALOG_COMPILER_GLOBAL_ACCENT_COLOR_NAME = AccentColor;
				CODE_SIGN_STYLE = Automatic;
				CURRENT_PROJECT_VERSION = 1;
				DEVELOPMENT_TEAM = KL3B2624F3;
				GENERATE_INFOPLIST_FILE = YES;
				INFOPLIST_FILE = "wallet-ios/Info.plist";
				INFOPLIST_KEY_UIApplicationSupportsIndirectInputEvents = YES;
				INFOPLIST_KEY_UILaunchStoryboardName = LaunchScreen;
				INFOPLIST_KEY_UIMainStoryboardFile = Main;
				INFOPLIST_KEY_UISupportedInterfaceOrientations_iPad = "UIInterfaceOrientationPortrait UIInterfaceOrientationPortraitUpsideDown UIInterfaceOrientationLandscapeLeft UIInterfaceOrientationLandscapeRight";
				INFOPLIST_KEY_UISupportedInterfaceOrientations_iPhone = "UIInterfaceOrientationPortrait UIInterfaceOrientationLandscapeLeft UIInterfaceOrientationLandscapeRight";
				IPHONEOS_DEPLOYMENT_TARGET = 15.6;
				LD_RUNPATH_SEARCH_PATHS = (
					"$(inherited)",
					"@executable_path/Frameworks",
				);
				MARKETING_VERSION = 1.0;
				PRODUCT_BUNDLE_IDENTIFIER = "nj.wallet-ios";
				PRODUCT_NAME = "$(TARGET_NAME)";
				SWIFT_EMIT_LOC_STRINGS = YES;
				TARGETED_DEVICE_FAMILY = "1,2";
			};
			name = Release;
		};
		AA26EC462F05699100422D9B /* Debug */ = {
			isa = XCBuildConfiguration;
			buildSettings = {
				ALWAYS_SEARCH_USER_PATHS = NO;
				ASSETCATALOG_COMPILER_GENERATE_SWIFT_ASSET_SYMBOL_EXTENSIONS = YES;
				CLANG_ANALYZER_NONNULL = YES;
				CLANG_ANALYZER_NUMBER_OBJECT_CONVERSION = YES_AGGRESSIVE;
				CLANG_CXX_LANGUAGE_STANDARD = "gnu++20";
				CLANG_ENABLE_MODULES = YES;
				CLANG_ENABLE_OBJC_ARC = YES;
				CLANG_ENABLE_OBJC_WEAK = YES;
				CLANG_WARN_BLOCK_CAPTURE_AUTORELEASING = YES;
				CLANG_WARN_BOOL_CONVERSION = YES;
				CLANG_WARN_COMMA = YES;
				CLANG_WARN_CONSTANT_CONVERSION = YES;
				CLANG_WARN_DEPRECATED_OBJC_IMPLEMENTATIONS = YES;
				CLANG_WARN_DIRECT_OBJC_ISA_USAGE = YES_ERROR;
				CLANG_WARN_DOCUMENTATION_COMMENTS = YES;
				CLANG_WARN_EMPTY_BODY = YES;
				CLANG_WARN_ENUM_CONVERSION = YES;
				CLANG_WARN_INFINITE_RECURSION = YES;
				CLANG_WARN_INT_CONVERSION = YES;
				CLANG_WARN_NON_LITERAL_NULL_CONVERSION = YES;
				CLANG_WARN_OBJC_IMPLICIT_RETAIN_SELF = YES;
				CLANG_WARN_OBJC_LITERAL_CONVERSION = YES;
				CLANG_WARN_OBJC_ROOT_CLASS = YES_ERROR;
				CLANG_WARN_QUOTED_INCLUDE_IN_FRAMEWORK_HEADER = YES;
				CLANG_WARN_RANGE_LOOP_ANALYSIS = YES;
				CLANG_WARN_STRICT_PROTOTYPES = YES;
				CLANG_WARN_SUSPICIOUS_MOVE = YES;
				CLANG_WARN_UNGUARDED_AVAILABILITY = YES_AGGRESSIVE;
				CLANG_WARN_UNREACHABLE_CODE = YES;
				CLANG_WARN__DUPLICATE_METHOD_MATCH = YES;
				COPY_PHASE_STRIP = NO;
				DEBUG_INFORMATION_FORMAT = dwarf;
				DEVELOPMENT_TEAM = KL3B2624F3;
				ENABLE_STRICT_OBJC_MSGSEND = YES;
				ENABLE_TESTABILITY = YES;
				ENABLE_USER_SCRIPT_SANDBOXING = YES;
				GCC_C_LANGUAGE_STANDARD = gnu17;
				GCC_DYNAMIC_NO_PIC = NO;
				GCC_NO_COMMON_BLOCKS = YES;
				GCC_OPTIMIZATION_LEVEL = 0;
				GCC_PREPROCESSOR_DEFINITIONS = (
					"DEBUG=1",
					"$(inherited)",
				);
				GCC_WARN_64_TO_32_BIT_CONVERSION = YES;
				GCC_WARN_ABOUT_RETURN_TYPE = YES_ERROR;
				GCC_WARN_UNDECLARED_SELECTOR = YES;
				GCC_WARN_UNINITIALIZED_AUTOS = YES_AGGRESSIVE;
				GCC_WARN_UNUSED_FUNCTION = YES;
				GCC_WARN_UNUSED_VARIABLE = YES;
				IPHONEOS_DEPLOYMENT_TARGET = 18.4;
				LOCALIZATION_PREFERS_STRING_CATALOGS = YES;
				MTL_ENABLE_DEBUG_INFO = INCLUDE_SOURCE;
				MTL_FAST_MATH = YES;
				ONLY_ACTIVE_ARCH = YES;
				SDKROOT = iphoneos;
			};
			name = Debug;
		};
		AA26EC472F05699100422D9B /* Release */ = {
			isa = XCBuildConfiguration;
			buildSettings = {
				ALWAYS_SEARCH_USER_PATHS = NO;
				ASSETCATALOG_COMPILER_GENERATE_SWIFT_ASSET_SYMBOL_EXTENSIONS = YES;
				CLANG_ANALYZER_NONNULL = YES;
				CLANG_ANALYZER_NUMBER_OBJECT_CONVERSION = YES_AGGRESSIVE;
				CLANG_CXX_LANGUAGE_STANDARD = "gnu++20";
				CLANG_ENABLE_MODULES = YES;
				CLANG_ENABLE_OBJC_ARC = YES;
				CLANG_ENABLE_OBJC_WEAK = YES;
				CLANG_WARN_BLOCK_CAPTURE_AUTORELEASING = YES;
				CLANG_WARN_BOOL_CONVERSION = YES;
				CLANG_WARN_COMMA = YES;
				CLANG_WARN_CONSTANT_CONVERSION = YES;
				CLANG_WARN_DEPRECATED_OBJC_IMPLEMENTATIONS = YES;
				CLANG_WARN_DIRECT_OBJC_ISA_USAGE = YES_ERROR;
				CLANG_WARN_DOCUMENTATION_COMMENTS = YES;
				CLANG_WARN_EMPTY_BODY = YES;
				CLANG_WARN_ENUM_CONVERSION = YES;
				CLANG_WARN_INFINITE_RECURSION = YES;
				CLANG_WARN_INT_CONVERSION = YES;
				CLANG_WARN_NON_LITERAL_NULL_CONVERSION = YES;
				CLANG_WARN_OBJC_IMPLICIT_RETAIN_SELF = YES;
				CLANG_WARN_OBJC_LITERAL_CONVERSION = YES;
				CLANG_WARN_OBJC_ROOT_CLASS = YES_ERROR;
				CLANG_WARN_QUOTED_INCLUDE_IN_FRAMEWORK_HEADER = YES;
				CLANG_WARN_RANGE_LOOP_ANALYSIS = YES;
				CLANG_WARN_STRICT_PROTOTYPES = YES;
				CLANG_WARN_SUSPICIOUS_MOVE = YES;
				CLANG_WARN_UNGUARDED_AVAILABILITY = YES_AGGRESSIVE;
				CLANG_WARN_UNREACHABLE_CODE = YES;
				CLANG_WARN__DUPLICATE_METHOD_MATCH = YES;
				COPY_PHASE_STRIP = NO;
				DEBUG_INFORMATION_FORMAT = "dwarf-with-dsym";
				DEVELOPMENT_TEAM = KL3B2624F3;
				ENABLE_NS_ASSERTIONS = NO;
				ENABLE_STRICT_OBJC_MSGSEND = YES;
				ENABLE_USER_SCRIPT_SANDBOXING = YES;
				GCC_C_LANGUAGE_STANDARD = gnu17;
				GCC_NO_COMMON_BLOCKS = YES;
				GCC_WARN_64_TO_32_BIT_CONVERSION = YES;
				GCC_WARN_ABOUT_RETURN_TYPE = YES_ERROR;
				GCC_WARN_UNDECLARED_SELECTOR = YES;
				GCC_WARN_UNINITIALIZED_AUTOS = YES_AGGRESSIVE;
				GCC_WARN_UNUSED_FUNCTION = YES;
				GCC_WARN_UNUSED_VARIABLE = YES;
				IPHONEOS_DEPLOYMENT_TARGET = 18.4;
				LOCALIZATION_PREFERS_STRING_CATALOGS = YES;
				MTL_ENABLE_DEBUG_INFO = NO;
				MTL_FAST_MATH = YES;
				SDKROOT = iphoneos;
				VALIDATE_PRODUCT = YES;
			};
			name = Release;
		};
		AA26EC492F05699100422D9B /* Debug */ = {
			isa = XCBuildConfiguration;
			buildSettings = {
				BUNDLE_LOADER = "$(TEST_HOST)";
				CODE_SIGN_STYLE = Automatic;
				CURRENT_PROJECT_VERSION = 1;
				DEVELOPMENT_TEAM = KL3B2624F3;
				GENERATE_INFOPLIST_FILE = YES;
				IPHONEOS_DEPLOYMENT_TARGET = 18.4;
				MARKETING_VERSION = 1.0;
				PRODUCT_BUNDLE_IDENTIFIER = "nj.wallet-iosTests";
				PRODUCT_NAME = "$(TARGET_NAME)";
				SWIFT_EMIT_LOC_STRINGS = NO;
				TARGETED_DEVICE_FAMILY = "1,2";
				TEST_HOST = "$(BUILT_PRODUCTS_DIR)/wallet-ios.app/$(BUNDLE_EXECUTABLE_FOLDER_PATH)/wallet-ios";
			};
			name = Debug;
		};
		AA26EC4A2F05699100422D9B /* Release */ = {
			isa = XCBuildConfiguration;
			buildSettings = {
				BUNDLE_LOADER = "$(TEST_HOST)";
				CODE_SIGN_STYLE = Automatic;
				CURRENT_PROJECT_VERSION = 1;
				DEVELOPMENT_TEAM = KL3B2624F3;
				GENERATE_INFOPLIST_FILE = YES;
				IPHONEOS_DEPLOYMENT_TARGET = 18.4;
				MARKETING_VERSION = 1.0;
				PRODUCT_BUNDLE_IDENTIFIER = "nj.wallet-iosTests";
				PRODUCT_NAME = "$(TARGET_NAME)";
				SWIFT_EMIT_LOC_STRINGS = NO;
				TARGETED_DEVICE_FAMILY = "1,2";
				TEST_HOST = "$(BUILT_PRODUCTS_DIR)/wallet-ios.app/$(BUNDLE_EXECUTABLE_FOLDER_PATH)/wallet-ios";
			};
			name = Release;
		};
		AA26EC4C2F05699100422D9B /* Debug */ = {
			isa = XCBuildConfiguration;
			buildSettings = {
				CODE_SIGN_STYLE = Automatic;
				CURRENT_PROJECT_VERSION = 1;
				DEVELOPMENT_TEAM = KL3B2624F3;
				GENERATE_INFOPLIST_FILE = YES;
				MARKETING_VERSION = 1.0;
				PRODUCT_BUNDLE_IDENTIFIER = "nj.wallet-iosUITests";
				PRODUCT_NAME = "$(TARGET_NAME)";
				SWIFT_EMIT_LOC_STRINGS = NO;
				TARGETED_DEVICE_FAMILY = "1,2";
				TEST_TARGET_NAME = "wallet-ios";
			};
			name = Debug;
		};
		AA26EC4D2F05699100422D9B /* Release */ = {
			isa = XCBuildConfiguration;
			buildSettings = {
				CODE_SIGN_STYLE = Automatic;
				CURRENT_PROJECT_VERSION = 1;
				DEVELOPMENT_TEAM = KL3B2624F3;
				GENERATE_INFOPLIST_FILE = YES;
				MARKETING_VERSION = 1.0;
				PRODUCT_BUNDLE_IDENTIFIER = "nj.wallet-iosUITests";
				PRODUCT_NAME = "$(TARGET_NAME)";
				SWIFT_EMIT_LOC_STRINGS = NO;
				TARGETED_DEVICE_FAMILY = "1,2";
				TEST_TARGET_NAME = "wallet-ios";
			};
			name = Release;
		};
/* End XCBuildConfiguration section */

/* Begin XCConfigurationList section */
		AA26EC102F05698E00422D9B /* Build configuration list for PBXProject "wallet-ios" */ = {
			isa = XCConfigurationList;
			buildConfigurations = (
				AA26EC462F05699100422D9B /* Debug */,
				AA26EC472F05699100422D9B /* Release */,
			);
			defaultConfigurationIsVisible = 0;
			defaultConfigurationName = Release;
		};
		AA26EC432F05699100422D9B /* Build configuration list for PBXNativeTarget "wallet-ios" */ = {
			isa = XCConfigurationList;
			buildConfigurations = (
				AA26EC442F05699100422D9B /* Debug */,
				AA26EC452F05699100422D9B /* Release */,
			);
			defaultConfigurationIsVisible = 0;
			defaultConfigurationName = Release;
		};
		AA26EC482F05699100422D9B /* Build configuration list for PBXNativeTarget "wallet-iosTests" */ = {
			isa = XCConfigurationList;
			buildConfigurations = (
				AA26EC492F05699100422D9B /* Debug */,
				AA26EC4A2F05699100422D9B /* Release */,
			);
			defaultConfigurationIsVisible = 0;
			defaultConfigurationName = Release;
		};
		AA26EC4B2F05699100422D9B /* Build configuration list for PBXNativeTarget "wallet-iosUITests" */ = {
			isa = XCConfigurationList;
			buildConfigurations = (
				AA26EC4C2F05699100422D9B /* Debug */,
				AA26EC4D2F05699100422D9B /* Release */,
			);
			defaultConfigurationIsVisible = 0;
			defaultConfigurationName = Release;
		};
/* End XCConfigurationList section */
	};
	rootObject = AA26EC0D2F05698E00422D9B /* Project object */;
}
